# This file is automatically @generated by Cargo.
# It is not intended for manual editing.
version = 4

[[package]]
name = "gl"
version = "0.14.0"
source = "registry+https://github.com/rust-lang/crates.io-index"
checksum = "a94edab108827d67608095e269cf862e60d920f144a5026d3dbcfd8b877fb404"
dependencies = [
 "gl_generator",
]

[[package]]
name = "gl_generator"
version = "0.14.0"
source = "registry+https://github.com/rust-lang/crates.io-index"
checksum = "1a95dfc23a2b4a9a2f5ab41d194f8bfda3cabec42af4e39f08c339eb2a0c124d"
dependencies = [
 "khronos_api",
 "log",
 "xml-rs",
]

[[package]]
name = "khronos_api"
version = "3.1.0"
source = "registry+https://github.com/rust-lang/crates.io-index"
checksum = "e2db585e1d738fc771bf08a151420d3ed193d9d895a36df7f6f8a9456b911ddc"

[[package]]
name = "log"
version = "0.4.27"
source = "registry+https://github.com/rust-lang/crates.io-index"
checksum = "13dc2df351e3202783a1fe0d44375f7295ffb4049267b0f3018346dc122a1d94"

[[package]]
name = "mini"
version = "0.1.0"
source = "git+https://github.com/zx3no/mini#7287c86f7503ead33a9e7fae1b112db0fdee652d"

[[package]]
name = "simplegl"
version = "0.1.0"
dependencies = [
 "gl",
 "mini",
 "window",
]

[[package]]
name = "window"
version = "0.1.0"
dependencies = [
 "mini",
]

[[package]]
name = "xml-rs"
version = "0.8.27"
source = "registry+https://github.com/rust-lang/crates.io-index"
checksum = "6fd8403733700263c6eb89f192880191f1b83e332f7a20371ddcf421c4a337c7"
